
Microsoft Visual Studio Solution File, Format Version 12.00
# Visual Studio Version 16
VisualStudioVersion = 16.0.31229.75
MinimumVisualStudioVersion = 10.0.40219.1
Project("{FAE04EC0-301F-11D3-BF4B-00C04F79EFBC}") = "XF_NavBarBkBtnOver.Android", "XF_NavBarBkBtnOver\XF_NavBarBkBtnOver.Android\XF_NavBarBkBtnOver.Android.csproj", "{4901C73E-1804-4F77-927D-C8CCDC2405D2}"
EndProject
Project("{FAE04EC0-301F-11D3-BF4B-00C04F79EFBC}") = "XF_NavBarBkBtnOver.iOS", "XF_NavBarBkBtnOver\XF_NavBarBkBtnOver.iOS\XF_NavBarBkBtnOver.iOS.csproj", "{EA04B4DB-AB7F-41F0-A6F3-C10D9DF4BBD3}"
EndProject
Project("{FAE04EC0-301F-11D3-BF4B-00C04F79EFBC}") = "XF_NavBarBkBtnOver", "XF_NavBarBkBtnOver\XF_NavBarBkBtnOver\XF_NavBarBkBtnOver.csproj", "{CA2673D4-E261-4FDC-AA3B-56B8E93B3D88}"
EndProject
Global
	GlobalSection(SolutionConfigurationPlatforms) = preSolution
		Debug|Any CPU = Debug|Any CPU
		Debug|iPhone = Debug|iPhone
		Debug|iPhoneSimulator = Debug|iPhoneSimulator
		Release|Any CPU = Release|Any CPU
		Release|iPhone = Release|iPhone
		Release|iPhoneSimulator = Release|iPhoneSimulator
	EndGlobalSection
	GlobalSection(ProjectConfigurationPlatforms) = postSolution
		{4901C73E-1804-4F77-927D-C8CCDC2405D2}.Debug|Any CPU.ActiveCfg = Debug|Any CPU
		{4901C73E-1804-4F77-927D-C8CCDC2405D2}.Debug|Any CPU.Build.0 = Debug|Any CPU
		{4901C73E-1804-4F77-927D-C8CCDC2405D2}.Debug|Any CPU.Deploy.0 = Debug|Any CPU
		{4901C73E-1804-4F77-927D-C8CCDC2405D2}.Debug|iPhone.ActiveCfg = Debug|Any CPU
		{4901C73E-1804-4F77-927D-C8CCDC2405D2}.Debug|iPhone.Build.0 = Debug|Any CPU
		{4901C73E-1804-4F77-927D-C8CCDC2405D2}.Debug|iPhone.Deploy.0 = Debug|Any CPU
		{4901C73E-1804-4F77-927D-C8CCDC2405D2}.Debug|iPhoneSimulator.ActiveCfg = Debug|Any CPU
		{4901C73E-1804-4F77-927D-C8CCDC2405D2}.Debug|iPhoneSimulator.Build.0 = Debug|Any CPU
		{4901C73E-1804-4F77-927D-C8CCDC2405D2}.Debug|iPhoneSimulator.Deploy.0 = Debug|Any CPU
		{4901C73E-1804-4F77-927D-C8CCDC2405D2}.Release|Any CPU.ActiveCfg = Release|Any CPU
		{4901C73E-1804-4F77-927D-C8CCDC2405D2}.Release|Any CPU.Build.0 = Release|Any CPU
		{4901C73E-1804-4F77-927D-C8CCDC2405D2}.Release|Any CPU.Deploy.0 = Release|Any CPU
		{4901C73E-1804-4F77-927D-C8CCDC2405D2}.Release|iPhone.ActiveCfg = Release|Any CPU
		{4901C73E-1804-4F77-927D-C8CCDC2405D2}.Release|iPhone.Build.0 = Release|Any CPU
		{4901C73E-1804-4F77-927D-C8CCDC2405D2}.Release|iPhone.Deploy.0 = Release|Any CPU
		{4901C73E-1804-4F77-927D-C8CCDC2405D2}.Release|iPhoneSimulator.ActiveCfg = Release|Any CPU
		{4901C73E-1804-4F77-927D-C8CCDC2405D2}.Release|iPhoneSimulator.Build.0 = Release|Any CPU
		{4901C73E-1804-4F77-927D-C8CCDC2405D2}.Release|iPhoneSimulator.Deploy.0 = Release|Any CPU
		{EA04B4DB-AB7F-41F0-A6F3-C10D9DF4BBD3}.Debug|Any CPU.ActiveCfg = Debug|iPhone
		{EA04B4DB-AB7F-41F0-A6F3-C10D9DF4BBD3}.Debug|Any CPU.Build.0 = Debug|iPhone
		{EA04B4DB-AB7F-41F0-A6F3-C10D9DF4BBD3}.Debug|Any CPU.Deploy.0 = Debug|iPhone
		{EA04B4DB-AB7F-41F0-A6F3-C10D9DF4BBD3}.Debug|iPhone.ActiveCfg = Debug|iPhone
		{EA04B4DB-AB7F-41F0-A6F3-C10D9DF4BBD3}.Debug|iPhone.Build.0 = Debug|iPhone
		{EA04B4DB-AB7F-41F0-A6F3-C10D9DF4BBD3}.Debug|iPhone.Deploy.0 = Debug|iPhone
		{EA04B4DB-AB7F-41F0-A6F3-C10D9DF4BBD3}.Debug|iPhoneSimulator.ActiveCfg = Debug|iPhoneSimulator
		{EA04B4DB-AB7F-41F0-A6F3-C10D9DF4BBD3}.Debug|iPhoneSimulator.Build.0 = Debug|iPhoneSimulator
		{EA04B4DB-AB7F-41F0-A6F3-C10D9DF4BBD3}.Debug|iPhoneSimulator.Deploy.0 = Debug|iPhoneSimulator
		{EA04B4DB-AB7F-41F0-A6F3-C10D9DF4BBD3}.Release|Any CPU.ActiveCfg = Release|iPhoneSimulator
		{EA04B4DB-AB7F-41F0-A6F3-C10D9DF4BBD3}.Release|Any CPU.Build.0 = Release|iPhoneSimulator
		{EA04B4DB-AB7F-41F0-A6F3-C10D9DF4BBD3}.Release|Any CPU.Deploy.0 = Release|iPhoneSimulator
		{EA04B4DB-AB7F-41F0-A6F3-C10D9DF4BBD3}.Release|iPhone.ActiveCfg = Release|iPhone
		{EA04B4DB-AB7F-41F0-A6F3-C10D9DF4BBD3}.Release|iPhone.Build.0 = Release|iPhone
		{EA04B4DB-AB7F-41F0-A6F3-C10D9DF4BBD3}.Release|iPhone.Deploy.0 = Release|iPhone
		{EA04B4DB-AB7F-41F0-A6F3-C10D9DF4BBD3}.Release|iPhoneSimulator.ActiveCfg = Release|iPhoneSimulator
		{EA04B4DB-AB7F-41F0-A6F3-C10D9DF4BBD3}.Release|iPhoneSimulator.Build.0 = Release|iPhoneSimulator
		{EA04B4DB-AB7F-41F0-A6F3-C10D9DF4BBD3}.Release|iPhoneSimulator.Deploy.0 = Release|iPhoneSimulator
		{CA2673D4-E261-4FDC-AA3B-56B8E93B3D88}.Debug|Any CPU.ActiveCfg = Debug|Any CPU
		{CA2673D4-E261-4FDC-AA3B-56B8E93B3D88}.Debug|Any CPU.Build.0 = Debug|Any CPU
		{CA2673D4-E261-4FDC-AA3B-56B8E93B3D88}.Debug|Any CPU.Deploy.0 = Debug|Any CPU
		{CA2673D4-E261-4FDC-AA3B-56B8E93B3D88}.Debug|iPhone.ActiveCfg = Debug|Any CPU
		{CA2673D4-E261-4FDC-AA3B-56B8E93B3D88}.Debug|iPhone.Build.0 = Debug|Any CPU
		{CA2673D4-E261-4FDC-AA3B-56B8E93B3D88}.Debug|iPhone.Deploy.0 = Debug|Any CPU
		{CA2673D4-E261-4FDC-AA3B-56B8E93B3D88}.Debug|iPhoneSimulator.ActiveCfg = Debug|Any CPU
		{CA2673D4-E261-4FDC-AA3B-56B8E93B3D88}.Debug|iPhoneSimulator.Build.0 = Debug|Any CPU
		{CA2673D4-E261-4FDC-AA3B-56B8E93B3D88}.Debug|iPhoneSimulator.Deploy.0 = Debug|Any CPU
		{CA2673D4-E261-4FDC-AA3B-56B8E93B3D88}.Release|Any CPU.ActiveCfg = Release|Any CPU
		{CA2673D4-E261-4FDC-AA3B-56B8E93B3D88}.Release|Any CPU.Build.0 = Release|Any CPU
		{CA2673D4-E261-4FDC-AA3B-56B8E93B3D88}.Release|Any CPU.Deploy.0 = Release|Any CPU
		{CA2673D4-E261-4FDC-AA3B-56B8E93B3D88}.Release|iPhone.ActiveCfg = Release|Any CPU
		{CA2673D4-E261-4FDC-AA3B-56B8E93B3D88}.Release|iPhone.Build.0 = Release|Any CPU
		{CA2673D4-E261-4FDC-AA3B-56B8E93B3D88}.Release|iPhone.Deploy.0 = Release|Any CPU
		{CA2673D4-E261-4FDC-AA3B-56B8E93B3D88}.Release|iPhoneSimulator.ActiveCfg = Release|Any CPU
		{CA2673D4-E261-4FDC-AA3B-56B8E93B3D88}.Release|iPhoneSimulator.Build.0 = Release|Any CPU
		{CA2673D4-E261-4FDC-AA3B-56B8E93B3D88}.Release|iPhoneSimulator.Deploy.0 = Release|Any CPU
	EndGlobalSection
	GlobalSection(SolutionProperties) = preSolution
		HideSolutionNode = FALSE
	EndGlobalSection
	GlobalSection(ExtensibilityGlobals) = postSolution
		SolutionGuid = {EAD31259-D098-4CED-9E27-7564CB04DD2D}
	EndGlobalSection
EndGlobal
